// !$*UTF8*$!
{
	archiveVersion = 1;
	classes = {
	};
	objectVersion = 55;
	objects = {

/* Begin PBXFileReference section */
		9727A8B228859A4800819784 /* UIKitSample.playground */ = {isa = PBXFileReference; lastKnownFileType = file.playground; path = UIKitSample.playground; sourceTree = "<group>"; xcLanguageSpecificationIdentifier = xcode.lang.swift; };
		9727A8B328859B2F00819784 /* UIKit.md */ = {isa = PBXFileReference; lastKnownFileType = net.daringfireball.markdown; path = UIKit.md; sourceTree = "<group>"; };
		973B3E69283A734B00F98571 /* TypeCasting.playground */ = {isa = PBXFileReference; lastKnownFileType = file.playground; path = TypeCasting.playground; sourceTree = "<group>"; xcLanguageSpecificationIdentifier = xcode.lang.swift; };
		973B3F00283E835300F98571 /* NestedTypes.playground */ = {isa = PBXFileReference; lastKnownFileType = file.playground; path = NestedTypes.playground; sourceTree = "<group>"; xcLanguageSpecificationIdentifier = xcode.lang.swift; };
		973B3F012841100500F98571 /* Extenstions.playground */ = {isa = PBXFileReference; lastKnownFileType = file.playground; path = Extenstions.playground; sourceTree = "<group>"; xcLanguageSpecificationIdentifier = xcode.lang.swift; };
		973B3F02284252F200F98571 /* Protocols.playground */ = {isa = PBXFileReference; lastKnownFileType = file.playground; path = Protocols.playground; sourceTree = "<group>"; xcLanguageSpecificationIdentifier = xcode.lang.swift; };
		973B3F49284397E700F98571 /* Generics.playground */ = {isa = PBXFileReference; lastKnownFileType = file.playground; path = Generics.playground; sourceTree = "<group>"; xcLanguageSpecificationIdentifier = xcode.lang.swift; };
		9741BFBA28807A53005C61C5 /* README.md */ = {isa = PBXFileReference; lastKnownFileType = net.daringfireball.markdown; path = README.md; sourceTree = "<group>"; };
		975C5EBC281EB914003DA5D8 /* TheBasics.playground */ = {isa = PBXFileReference; lastKnownFileType = file.playground; path = TheBasics.playground; sourceTree = "<group>"; xcLanguageSpecificationIdentifier = xcode.lang.swift; };
		9767B70F2811A3C800F62845 /* ErrorHandling.playground */ = {isa = PBXFileReference; lastKnownFileType = file.playground; path = ErrorHandling.playground; sourceTree = "<group>"; xcLanguageSpecificationIdentifier = xcode.lang.swift; };
		9767B71028126FF100F62845 /* Generics.playground */ = {isa = PBXFileReference; lastKnownFileType = file.playground; path = Generics.playground; sourceTree = "<group>"; xcLanguageSpecificationIdentifier = xcode.lang.swift; };
		9767B71128198BFA00F62845 /* algo.playground */ = {isa = PBXFileReference; lastKnownFileType = file.playground; path = algo.playground; sourceTree = "<group>"; xcLanguageSpecificationIdentifier = xcode.lang.swift; };
		977E6532280A520600B68B0B /* Tutorial.tutorial */ = {isa = PBXFileReference; lastKnownFileType = text; path = Tutorial.tutorial; sourceTree = "<group>"; };
		977E6533280A523400B68B0B /* values.playground */ = {isa = PBXFileReference; lastKnownFileType = file.playground; path = values.playground; sourceTree = "<group>"; xcLanguageSpecificationIdentifier = xcode.lang.swift; };
		977E6534280A563000B68B0B /* control.playground */ = {isa = PBXFileReference; lastKnownFileType = file.playground; path = control.playground; sourceTree = "<group>"; xcLanguageSpecificationIdentifier = xcode.lang.swift; };
		977E6535280C4C3B00B68B0B /* FunctionsAndClosures.playground */ = {isa = PBXFileReference; lastKnownFileType = file.playground; path = FunctionsAndClosures.playground; sourceTree = "<group>"; xcLanguageSpecificationIdentifier = xcode.lang.swift; };
		977E6536280DB1AF00B68B0B /* ObjectsAndClasses.playground */ = {isa = PBXFileReference; lastKnownFileType = file.playground; path = ObjectsAndClasses.playground; sourceTree = "<group>"; xcLanguageSpecificationIdentifier = xcode.lang.swift; };
		977E6537280F027600B68B0B /* EnumerationsAndStructures.playground */ = {isa = PBXFileReference; lastKnownFileType = file.playground; path = EnumerationsAndStructures.playground; sourceTree = "<group>"; xcLanguageSpecificationIdentifier = xcode.lang.swift; };
		97850965283672210033F65F /* Initialization.playground */ = {isa = PBXFileReference; lastKnownFileType = file.playground; path = Initialization.playground; sourceTree = "<group>"; xcLanguageSpecificationIdentifier = xcode.lang.swift; };
		9785097528399DFA0033F65F /* Deinitialization.playground */ = {isa = PBXFileReference; lastKnownFileType = file.playground; path = Deinitialization.playground; sourceTree = "<group>"; xcLanguageSpecificationIdentifier = xcode.lang.swift; };
		978509762839A2D00033F65F /* OptionalChaining.playground */ = {isa = PBXFileReference; lastKnownFileType = file.playground; path = OptionalChaining.playground; sourceTree = "<group>"; xcLanguageSpecificationIdentifier = xcode.lang.swift; };
		978509772839B2B50033F65F /* ErrorHandling.playground */ = {isa = PBXFileReference; lastKnownFileType = file.playground; path = ErrorHandling.playground; sourceTree = "<group>"; xcLanguageSpecificationIdentifier = xcode.lang.swift; };
		97C17C7E28862D4F00A510CA /* SwiftUISample.playground */ = {isa = PBXFileReference; lastKnownFileType = file.playground; path = SwiftUISample.playground; sourceTree = "<group>"; xcLanguageSpecificationIdentifier = xcode.lang.swift; };
		97C50D86283A62EC00417C5C /* Concurrency.playground */ = {isa = PBXFileReference; lastKnownFileType = file.playground; path = Concurrency.playground; sourceTree = "<group>"; xcLanguageSpecificationIdentifier = xcode.lang.swift; };
		97E5DBCC284ADAAD00351371 /* Type.playground */ = {isa = PBXFileReference; lastKnownFileType = file.playground; path = Type.playground; sourceTree = "<group>"; xcLanguageSpecificationIdentifier = xcode.lang.swift; };
		97E5DBCD2857786800351371 /* OpaqueTypes.playground */ = {isa = PBXFileReference; lastKnownFileType = file.playground; path = OpaqueTypes.playground; sourceTree = "<group>"; xcLanguageSpecificationIdentifier = xcode.lang.swift; };
		97E5DBCE285B6EA300351371 /* Operator.playground */ = {isa = PBXFileReference; lastKnownFileType = file.playground; path = Operator.playground; sourceTree = "<group>"; xcLanguageSpecificationIdentifier = xcode.lang.swift; };
		97EAC38F282124DF008F94F2 /* BasicOperators.playground */ = {isa = PBXFileReference; lastKnownFileType = file.playground; path = BasicOperators.playground; sourceTree = "<group>"; xcLanguageSpecificationIdentifier = xcode.lang.swift; };
		97EAC3A528261940008F94F2 /* StringsAndCharacters.playground */ = {isa = PBXFileReference; lastKnownFileType = file.playground; path = StringsAndCharacters.playground; sourceTree = "<group>"; xcLanguageSpecificationIdentifier = xcode.lang.swift; };
		97EAC3A62827F368008F94F2 /* CollectionType.playground */ = {isa = PBXFileReference; lastKnownFileType = file.playground; path = CollectionType.playground; sourceTree = "<group>"; xcLanguageSpecificationIdentifier = xcode.lang.swift; };
		97EAC3A7282BFB73008F94F2 /* ControlFlow.playground */ = {isa = PBXFileReference; lastKnownFileType = file.playground; path = ControlFlow.playground; sourceTree = "<group>"; xcLanguageSpecificationIdentifier = xcode.lang.swift; };
		97EAC3A9282D6610008F94F2 /* Function.playground */ = {isa = PBXFileReference; lastKnownFileType = file.playground; path = Function.playground; sourceTree = "<group>"; xcLanguageSpecificationIdentifier = xcode.lang.swift; };
		97EAC3AA282F778E008F94F2 /* Closures.playground */ = {isa = PBXFileReference; lastKnownFileType = file.playground; path = Closures.playground; sourceTree = "<group>"; xcLanguageSpecificationIdentifier = xcode.lang.swift; };
		97EAC3AB282FE4DF008F94F2 /* Enumerations.playground */ = {isa = PBXFileReference; lastKnownFileType = file.playground; path = Enumerations.playground; sourceTree = "<group>"; xcLanguageSpecificationIdentifier = xcode.lang.swift; };
		97EAC3AC2831218F008F94F2 /* StructsAndClasses.playground */ = {isa = PBXFileReference; lastKnownFileType = file.playground; path = StructsAndClasses.playground; sourceTree = "<group>"; xcLanguageSpecificationIdentifier = xcode.lang.swift; };
		97EAC3AD28329C0A008F94F2 /* Properties.playground */ = {isa = PBXFileReference; lastKnownFileType = file.playground; path = Properties.playground; sourceTree = "<group>"; xcLanguageSpecificationIdentifier = xcode.lang.swift; };
		97F95FDC2889A470004BE539 /* ConditionalFlow.playground */ = {isa = PBXFileReference; lastKnownFileType = file.playground; path = ConditionalFlow.playground; sourceTree = "<group>"; xcLanguageSpecificationIdentifier = xcode.lang.swift; };
		97F95FDD288C1FEA004BE539 /* Loop.playground */ = {isa = PBXFileReference; lastKnownFileType = file.playground; path = Loop.playground; sourceTree = "<group>"; xcLanguageSpecificationIdentifier = xcode.lang.swift; };
		97FB814C28354155004B09E1 /* Methods.playground */ = {isa = PBXFileReference; lastKnownFileType = file.playground; path = Methods.playground; sourceTree = "<group>"; xcLanguageSpecificationIdentifier = xcode.lang.swift; };
		97FB814D28354AAA004B09E1 /* Subscripts.playground */ = {isa = PBXFileReference; lastKnownFileType = file.playground; path = Subscripts.playground; sourceTree = "<group>"; xcLanguageSpecificationIdentifier = xcode.lang.swift; };
		97FB814E28354DCA004B09E1 /* Inheritance.playground */ = {isa = PBXFileReference; lastKnownFileType = file.playground; path = Inheritance.playground; sourceTree = "<group>"; xcLanguageSpecificationIdentifier = xcode.lang.swift; };
		97FD680D2810555700419D58 /* ProtocolsAndExtensions.playground */ = {isa = PBXFileReference; lastKnownFileType = file.playground; path = ProtocolsAndExtensions.playground; sourceTree = "<group>"; xcLanguageSpecificationIdentifier = xcode.lang.swift; };
/* End PBXFileReference section */

/* Begin PBXGroup section */
		9727A8B128859A2E00819784 /* UIKit */ = {
			isa = PBXGroup;
			children = (
				9727A8B228859A4800819784 /* UIKitSample.playground */,
				9727A8B328859B2F00819784 /* UIKit.md */,
			);
			path = UIKit;
			sourceTree = "<group>";
		};
		975C5EBB281EB884003DA5D8 /* Document */ = {
			isa = PBXGroup;
			children = (
				975C5EBC281EB914003DA5D8 /* TheBasics.playground */,
				97EAC38F282124DF008F94F2 /* BasicOperators.playground */,
				97EAC3A528261940008F94F2 /* StringsAndCharacters.playground */,
				97EAC3A62827F368008F94F2 /* CollectionType.playground */,
				97EAC3A7282BFB73008F94F2 /* ControlFlow.playground */,
				97EAC3A9282D6610008F94F2 /* Function.playground */,
				97EAC3AA282F778E008F94F2 /* Closures.playground */,
				97EAC3AB282FE4DF008F94F2 /* Enumerations.playground */,
				97EAC3AC2831218F008F94F2 /* StructsAndClasses.playground */,
				97EAC3AD28329C0A008F94F2 /* Properties.playground */,
				97FB814C28354155004B09E1 /* Methods.playground */,
				97FB814D28354AAA004B09E1 /* Subscripts.playground */,
				97FB814E28354DCA004B09E1 /* Inheritance.playground */,
				97850965283672210033F65F /* Initialization.playground */,
				9785097528399DFA0033F65F /* Deinitialization.playground */,
				978509762839A2D00033F65F /* OptionalChaining.playground */,
				978509772839B2B50033F65F /* ErrorHandling.playground */,
				97C50D86283A62EC00417C5C /* Concurrency.playground */,
				973B3E69283A734B00F98571 /* TypeCasting.playground */,
				973B3F00283E835300F98571 /* NestedTypes.playground */,
				973B3F012841100500F98571 /* Extenstions.playground */,
				973B3F02284252F200F98571 /* Protocols.playground */,
				973B3F49284397E700F98571 /* Generics.playground */,
				97E5DBCD2857786800351371 /* OpaqueTypes.playground */,
			);
			path = Document;
			sourceTree = "<group>";
		};
		977E652B280A51DC00B68B0B = {
			isa = PBXGroup;
			children = (
				97C17C7D28862CBC00A510CA /* SwiftUI */,
				9727A8B128859A2E00819784 /* UIKit */,
				9741BFBA28807A53005C61C5 /* README.md */,
				97E5DBCB284AD18000351371 /* Book */,
				975C5EBB281EB884003DA5D8 /* Document */,
				9767B71128198BFA00F62845 /* algo.playground */,
				9767B71028126FF100F62845 /* Generics.playground */,
				9767B70F2811A3C800F62845 /* ErrorHandling.playground */,
				97FD680D2810555700419D58 /* ProtocolsAndExtensions.playground */,
				977E6537280F027600B68B0B /* EnumerationsAndStructures.playground */,
				977E6536280DB1AF00B68B0B /* ObjectsAndClasses.playground */,
				977E6535280C4C3B00B68B0B /* FunctionsAndClosures.playground */,
				977E6534280A563000B68B0B /* control.playground */,
				977E6533280A523400B68B0B /* values.playground */,
				977E6532280A520600B68B0B /* Tutorial.tutorial */,
			);
			sourceTree = "<group>";
		};
		97C17C7D28862CBC00A510CA /* SwiftUI */ = {
			isa = PBXGroup;
			children = (
				97C17C7E28862D4F00A510CA /* SwiftUISample.playground */,
			);
			path = SwiftUI;
			sourceTree = "<group>";
		};
		97E5DBCB284AD18000351371 /* Book */ = {
			isa = PBXGroup;
			children = (
				97E5DBCC284ADAAD00351371 /* Type.playground */,
				97E5DBCE285B6EA300351371 /* Operator.playground */,
				97F95FDC2889A470004BE539 /* ConditionalFlow.playground */,
				97F95FDD288C1FEA004BE539 /* Loop.playground */,
			);
			path = Book;
			sourceTree = "<group>";
		};
/* End PBXGroup section */

/* Begin PBXProject section */
		977E652C280A51DC00B68B0B /* Project object */ = {
			isa = PBXProject;
			attributes = {
				BuildIndependentTargetsInParallel = 1;
				LastUpgradeCheck = 1340;
			};
			buildConfigurationList = 977E652F280A51DC00B68B0B /* Build configuration list for PBXProject "playground" */;
			compatibilityVersion = "Xcode 13.0";
			developmentRegion = en;
			hasScannedForEncodings = 0;
			knownRegions = (
				en,
				Base,
			);
			mainGroup = 977E652B280A51DC00B68B0B;
			projectDirPath = "";
			projectRoot = "";
			targets = (
			);
		};
/* End PBXProject section */

/* Begin XCBuildConfiguration section */
		977E6530280A51DC00B68B0B /* Debug */ = {
			isa = XCBuildConfiguration;
			buildSettings = {
				CLANG_WARN_BLOCK_CAPTURE_AUTORELEASING = YES;
				CLANG_WARN_BOOL_CONVERSION = YES;
				CLANG_WARN_COMMA = YES;
				CLANG_WARN_CONSTANT_CONVERSION = YES;
				CLANG_WARN_DEPRECATED_OBJC_IMPLEMENTATIONS = YES;
				CLANG_WARN_EMPTY_BODY = YES;
				CLANG_WARN_ENUM_CONVERSION = YES;
				CLANG_WARN_INFINITE_RECURSION = YES;
				CLANG_WARN_INT_CONVERSION = YES;
				CLANG_WARN_NON_LITERAL_NULL_CONVERSION = YES;
				CLANG_WARN_OBJC_IMPLICIT_RETAIN_SELF = YES;
				CLANG_WARN_OBJC_LITERAL_CONVERSION = YES;
				CLANG_WARN_QUOTED_INCLUDE_IN_FRAMEWORK_HEADER = YES;
				CLANG_WARN_RANGE_LOOP_ANALYSIS = YES;
				CLANG_WARN_STRICT_PROTOTYPES = YES;
				CLANG_WARN_SUSPICIOUS_MOVE = YES;
				CLANG_WARN_UNREACHABLE_CODE = YES;
				CLANG_WARN__DUPLICATE_METHOD_MATCH = YES;
				ENABLE_STRICT_OBJC_MSGSEND = YES;
				ENABLE_TESTABILITY = YES;
				GCC_NO_COMMON_BLOCKS = YES;
				GCC_WARN_64_TO_32_BIT_CONVERSION = YES;
				GCC_WARN_ABOUT_RETURN_TYPE = YES;
				GCC_WARN_UNDECLARED_SELECTOR = YES;
				GCC_WARN_UNINITIALIZED_AUTOS = YES;
				GCC_WARN_UNUSED_FUNCTION = YES;
				GCC_WARN_UNUSED_VARIABLE = YES;
				ONLY_ACTIVE_ARCH = YES;
			};
			name = Debug;
		};
		977E6531280A51DC00B68B0B /* Release */ = {
			isa = XCBuildConfiguration;
			buildSettings = {
				CLANG_WARN_BLOCK_CAPTURE_AUTORELEASING = YES;
				CLANG_WARN_BOOL_CONVERSION = YES;
				CLANG_WARN_COMMA = YES;
				CLANG_WARN_CONSTANT_CONVERSION = YES;
				CLANG_WARN_DEPRECATED_OBJC_IMPLEMENTATIONS = YES;
				CLANG_WARN_EMPTY_BODY = YES;
				CLANG_WARN_ENUM_CONVERSION = YES;
				CLANG_WARN_INFINITE_RECURSION = YES;
				CLANG_WARN_INT_CONVERSION = YES;
				CLANG_WARN_NON_LITERAL_NULL_CONVERSION = YES;
				CLANG_WARN_OBJC_IMPLICIT_RETAIN_SELF = YES;
				CLANG_WARN_OBJC_LITERAL_CONVERSION = YES;
				CLANG_WARN_QUOTED_INCLUDE_IN_FRAMEWORK_HEADER = YES;
				CLANG_WARN_RANGE_LOOP_ANALYSIS = YES;
				CLANG_WARN_STRICT_PROTOTYPES = YES;
				CLANG_WARN_SUSPICIOUS_MOVE = YES;
				CLANG_WARN_UNREACHABLE_CODE = YES;
				CLANG_WARN__DUPLICATE_METHOD_MATCH = YES;
				ENABLE_STRICT_OBJC_MSGSEND = YES;
				GCC_NO_COMMON_BLOCKS = YES;
				GCC_WARN_64_TO_32_BIT_CONVERSION = YES;
				GCC_WARN_ABOUT_RETURN_TYPE = YES;
				GCC_WARN_UNDECLARED_SELECTOR = YES;
				GCC_WARN_UNINITIALIZED_AUTOS = YES;
				GCC_WARN_UNUSED_FUNCTION = YES;
				GCC_WARN_UNUSED_VARIABLE = YES;
			};
			name = Release;
		};
/* End XCBuildConfiguration section */

/* Begin XCConfigurationList section */
		977E652F280A51DC00B68B0B /* Build configuration list for PBXProject "playground" */ = {
			isa = XCConfigurationList;
			buildConfigurations = (
				977E6530280A51DC00B68B0B /* Debug */,
				977E6531280A51DC00B68B0B /* Release */,
			);
			defaultConfigurationIsVisible = 0;
			defaultConfigurationName = Release;
		};
/* End XCConfigurationList section */
	};
	rootObject = 977E652C280A51DC00B68B0B /* Project object */;
}
