// !$*UTF8*$!
{
	archiveVersion = 1;
	classes = {
	};
	objectVersion = 55;
	objects = {

/* Begin PBXFileReference section */
		975C5EBC281EB914003DA5D8 /* TheBasics.playground */ = {isa = PBXFileReference; lastKnownFileType = file.playground; path = TheBasics.playground; sourceTree = "<group>"; xcLanguageSpecificationIdentifier = xcode.lang.swift; };
		9767B70F2811A3C800F62845 /* ErrorHandling.playground */ = {isa = PBXFileReference; lastKnownFileType = file.playground; path = ErrorHandling.playground; sourceTree = "<group>"; xcLanguageSpecificationIdentifier = xcode.lang.swift; };
		9767B71028126FF100F62845 /* Generics.playground */ = {isa = PBXFileReference; lastKnownFileType = file.playground; path = Generics.playground; sourceTree = "<group>"; xcLanguageSpecificationIdentifier = xcode.lang.swift; };
		9767B71128198BFA00F62845 /* algo.playground */ = {isa = PBXFileReference; lastKnownFileType = file.playground; path = algo.playground; sourceTree = "<group>"; xcLanguageSpecificationIdentifier = xcode.lang.swift; };
		977E6532280A520600B68B0B /* Tutorial.tutorial */ = {isa = PBXFileReference; lastKnownFileType = text; path = Tutorial.tutorial; sourceTree = "<group>"; };
		977E6533280A523400B68B0B /* values.playground */ = {isa = PBXFileReference; lastKnownFileType = file.playground; path = values.playground; sourceTree = "<group>"; xcLanguageSpecificationIdentifier = xcode.lang.swift; };
		977E6534280A563000B68B0B /* control.playground */ = {isa = PBXFileReference; lastKnownFileType = file.playground; path = control.playground; sourceTree = "<group>"; xcLanguageSpecificationIdentifier = xcode.lang.swift; };
		977E6535280C4C3B00B68B0B /* FunctionsAndClosures.playground */ = {isa = PBXFileReference; lastKnownFileType = file.playground; path = FunctionsAndClosures.playground; sourceTree = "<group>"; xcLanguageSpecificationIdentifier = xcode.lang.swift; };
		977E6536280DB1AF00B68B0B /* ObjectsAndClasses.playground */ = {isa = PBXFileReference; lastKnownFileType = file.playground; path = ObjectsAndClasses.playground; sourceTree = "<group>"; xcLanguageSpecificationIdentifier = xcode.lang.swift; };
		977E6537280F027600B68B0B /* EnumerationsAndStructures.playground */ = {isa = PBXFileReference; lastKnownFileType = file.playground; path = EnumerationsAndStructures.playground; sourceTree = "<group>"; xcLanguageSpecificationIdentifier = xcode.lang.swift; };
		97EAC38F282124DF008F94F2 /* BasicOperators.playground */ = {isa = PBXFileReference; lastKnownFileType = file.playground; path = BasicOperators.playground; sourceTree = "<group>"; xcLanguageSpecificationIdentifier = xcode.lang.swift; };
		97EAC3A528261940008F94F2 /* StringsAndCharacters.playground */ = {isa = PBXFileReference; lastKnownFileType = file.playground; path = StringsAndCharacters.playground; sourceTree = "<group>"; xcLanguageSpecificationIdentifier = xcode.lang.swift; };
		97EAC3A62827F368008F94F2 /* CollectionType.playground */ = {isa = PBXFileReference; lastKnownFileType = file.playground; path = CollectionType.playground; sourceTree = "<group>"; xcLanguageSpecificationIdentifier = xcode.lang.swift; };
		97EAC3A7282BFB73008F94F2 /* ControlFlow.playground */ = {isa = PBXFileReference; lastKnownFileType = file.playground; path = ControlFlow.playground; sourceTree = "<group>"; xcLanguageSpecificationIdentifier = xcode.lang.swift; };
		97EAC3A9282D6610008F94F2 /* Function.playground */ = {isa = PBXFileReference; lastKnownFileType = file.playground; path = Function.playground; sourceTree = "<group>"; xcLanguageSpecificationIdentifier = xcode.lang.swift; };
		97EAC3AA282F778E008F94F2 /* Closures.playground */ = {isa = PBXFileReference; lastKnownFileType = file.playground; path = Closures.playground; sourceTree = "<group>"; xcLanguageSpecificationIdentifier = xcode.lang.swift; };
		97EAC3AB282FE4DF008F94F2 /* Enumerations.playground */ = {isa = PBXFileReference; lastKnownFileType = file.playground; path = Enumerations.playground; sourceTree = "<group>"; xcLanguageSpecificationIdentifier = xcode.lang.swift; };
		97EAC3AC2831218F008F94F2 /* StructsAndClasses.playground */ = {isa = PBXFileReference; lastKnownFileType = file.playground; path = StructsAndClasses.playground; sourceTree = "<group>"; xcLanguageSpecificationIdentifier = xcode.lang.swift; };
		97EAC3AD28329C0A008F94F2 /* Properties.playground */ = {isa = PBXFileReference; lastKnownFileType = file.playground; path = Properties.playground; sourceTree = "<group>"; xcLanguageSpecificationIdentifier = xcode.lang.swift; };
		97FB814C28354155004B09E1 /* Methods.playground */ = {isa = PBXFileReference; lastKnownFileType = file.playground; path = Methods.playground; sourceTree = "<group>"; xcLanguageSpecificationIdentifier = xcode.lang.swift; };
		97FB814D28354AAA004B09E1 /* Subscripts.playground */ = {isa = PBXFileReference; lastKnownFileType = file.playground; path = Subscripts.playground; sourceTree = "<group>"; xcLanguageSpecificationIdentifier = xcode.lang.swift; };
		97FB814E28354DCA004B09E1 /* Inheritance.playground */ = {isa = PBXFileReference; lastKnownFileType = file.playground; path = Inheritance.playground; sourceTree = "<group>"; xcLanguageSpecificationIdentifier = xcode.lang.swift; };
		97FD680D2810555700419D58 /* ProtocolsAndExtensions.playground */ = {isa = PBXFileReference; lastKnownFileType = file.playground; path = ProtocolsAndExtensions.playground; sourceTree = "<group>"; xcLanguageSpecificationIdentifier = xcode.lang.swift; };
/* End PBXFileReference section */

/* Begin PBXGroup section */
		975C5EBB281EB884003DA5D8 /* Document */ = {
			isa = PBXGroup;
			children = (
				975C5EBC281EB914003DA5D8 /* TheBasics.playground */,
				97EAC38F282124DF008F94F2 /* BasicOperators.playground */,
				97EAC3A528261940008F94F2 /* StringsAndCharacters.playground */,
				97EAC3A62827F368008F94F2 /* CollectionType.playground */,
				97EAC3A7282BFB73008F94F2 /* ControlFlow.playground */,
				97EAC3A9282D6610008F94F2 /* Function.playground */,
				97EAC3AA282F778E008F94F2 /* Closures.playground */,
				97EAC3AB282FE4DF008F94F2 /* Enumerations.playground */,
				97EAC3AC2831218F008F94F2 /* StructsAndClasses.playground */,
				97EAC3AD28329C0A008F94F2 /* Properties.playground */,
				97FB814C28354155004B09E1 /* Methods.playground */,
				97FB814D28354AAA004B09E1 /* Subscripts.playground */,
				97FB814E28354DCA004B09E1 /* Inheritance.playground */,
			);
			path = Document;
			sourceTree = "<group>";
		};
		977E652B280A51DC00B68B0B = {
			isa = PBXGroup;
			children = (
				975C5EBB281EB884003DA5D8 /* Document */,
				9767B71128198BFA00F62845 /* algo.playground */,
				9767B71028126FF100F62845 /* Generics.playground */,
				9767B70F2811A3C800F62845 /* ErrorHandling.playground */,
				97FD680D2810555700419D58 /* ProtocolsAndExtensions.playground */,
				977E6537280F027600B68B0B /* EnumerationsAndStructures.playground */,
				977E6536280DB1AF00B68B0B /* ObjectsAndClasses.playground */,
				977E6535280C4C3B00B68B0B /* FunctionsAndClosures.playground */,
				977E6534280A563000B68B0B /* control.playground */,
				977E6533280A523400B68B0B /* values.playground */,
				977E6532280A520600B68B0B /* Tutorial.tutorial */,
			);
			sourceTree = "<group>";
		};
/* End PBXGroup section */

/* Begin PBXProject section */
		977E652C280A51DC00B68B0B /* Project object */ = {
			isa = PBXProject;
			attributes = {
				BuildIndependentTargetsInParallel = 1;
				LastUpgradeCheck = 1330;
			};
			buildConfigurationList = 977E652F280A51DC00B68B0B /* Build configuration list for PBXProject "playground" */;
			compatibilityVersion = "Xcode 13.0";
			developmentRegion = en;
			hasScannedForEncodings = 0;
			knownRegions = (
				en,
				Base,
			);
			mainGroup = 977E652B280A51DC00B68B0B;
			projectDirPath = "";
			projectRoot = "";
			targets = (
			);
		};
/* End PBXProject section */

/* Begin XCBuildConfiguration section */
		977E6530280A51DC00B68B0B /* Debug */ = {
			isa = XCBuildConfiguration;
			buildSettings = {
			};
			name = Debug;
		};
		977E6531280A51DC00B68B0B /* Release */ = {
			isa = XCBuildConfiguration;
			buildSettings = {
			};
			name = Release;
		};
/* End XCBuildConfiguration section */

/* Begin XCConfigurationList section */
		977E652F280A51DC00B68B0B /* Build configuration list for PBXProject "playground" */ = {
			isa = XCConfigurationList;
			buildConfigurations = (
				977E6530280A51DC00B68B0B /* Debug */,
				977E6531280A51DC00B68B0B /* Release */,
			);
			defaultConfigurationIsVisible = 0;
			defaultConfigurationName = Release;
		};
/* End XCConfigurationList section */
	};
	rootObject = 977E652C280A51DC00B68B0B /* Project object */;
}
