// !$*UTF8*$!
{
	archiveVersion = 1;
	classes = {
	};
	objectVersion = 55;
	objects = {

/* Begin PBXFileReference section */
		977E6532280A520600B68B0B /* Tutorial.tutorial */ = {isa = PBXFileReference; lastKnownFileType = text; path = Tutorial.tutorial; sourceTree = "<group>"; };
		977E6533280A523400B68B0B /* values.playground */ = {isa = PBXFileReference; lastKnownFileType = file.playground; path = values.playground; sourceTree = "<group>"; xcLanguageSpecificationIdentifier = xcode.lang.swift; };
		977E6534280A563000B68B0B /* control.playground */ = {isa = PBXFileReference; lastKnownFileType = file.playground; path = control.playground; sourceTree = "<group>"; xcLanguageSpecificationIdentifier = xcode.lang.swift; };
		977E6535280C4C3B00B68B0B /* FunctionsAndClosures.playground */ = {isa = PBXFileReference; lastKnownFileType = file.playground; path = FunctionsAndClosures.playground; sourceTree = "<group>"; xcLanguageSpecificationIdentifier = xcode.lang.swift; };
/* End PBXFileReference section */

/* Begin PBXGroup section */
		977E652B280A51DC00B68B0B = {
			isa = PBXGroup;
			children = (
				977E6535280C4C3B00B68B0B /* FunctionsAndClosures.playground */,
				977E6534280A563000B68B0B /* control.playground */,
				977E6533280A523400B68B0B /* values.playground */,
				977E6532280A520600B68B0B /* Tutorial.tutorial */,
			);
			sourceTree = "<group>";
		};
/* End PBXGroup section */

/* Begin PBXProject section */
		977E652C280A51DC00B68B0B /* Project object */ = {
			isa = PBXProject;
			attributes = {
				BuildIndependentTargetsInParallel = 1;
				LastUpgradeCheck = 1330;
			};
			buildConfigurationList = 977E652F280A51DC00B68B0B /* Build configuration list for PBXProject "playground" */;
			compatibilityVersion = "Xcode 13.0";
			developmentRegion = en;
			hasScannedForEncodings = 0;
			knownRegions = (
				en,
				Base,
			);
			mainGroup = 977E652B280A51DC00B68B0B;
			projectDirPath = "";
			projectRoot = "";
			targets = (
			);
		};
/* End PBXProject section */

/* Begin XCBuildConfiguration section */
		977E6530280A51DC00B68B0B /* Debug */ = {
			isa = XCBuildConfiguration;
			buildSettings = {
			};
			name = Debug;
		};
		977E6531280A51DC00B68B0B /* Release */ = {
			isa = XCBuildConfiguration;
			buildSettings = {
			};
			name = Release;
		};
/* End XCBuildConfiguration section */

/* Begin XCConfigurationList section */
		977E652F280A51DC00B68B0B /* Build configuration list for PBXProject "playground" */ = {
			isa = XCConfigurationList;
			buildConfigurations = (
				977E6530280A51DC00B68B0B /* Debug */,
				977E6531280A51DC00B68B0B /* Release */,
			);
			defaultConfigurationIsVisible = 0;
			defaultConfigurationName = Release;
		};
/* End XCConfigurationList section */
	};
	rootObject = 977E652C280A51DC00B68B0B /* Project object */;
}
